
Microsoft Visual Studio Solution File, Format Version 12.00
# Visual Studio Version 17
VisualStudioVersion = 17.4.33205.214
MinimumVisualStudioVersion = 10.0.40219.1
Project("{9A19103F-16F7-4668-BE54-9A1E7A4F7556}") = "UI-Console", "UI-Console\UI-Console.csproj", "{4D7C9383-E13F-4C76-85DE-C442F780245B}"
EndProject
Project("{FAE04EC0-301F-11D3-BF4B-00C04F79EFBC}") = "Data", "Data\Data.csproj", "{91D06F93-7C66-4FA7-BF92-4742B8FD4D45}"
EndProject
Global
	GlobalSection(SolutionConfigurationPlatforms) = preSolution
		Debug|Any CPU = Debug|Any CPU
		Release|Any CPU = Release|Any CPU
	EndGlobalSection
	GlobalSection(ProjectConfigurationPlatforms) = postSolution
		{4D7C9383-E13F-4C76-85DE-C442F780245B}.Debug|Any CPU.ActiveCfg = Debug|Any CPU
		{4D7C9383-E13F-4C76-85DE-C442F780245B}.Debug|Any CPU.Build.0 = Debug|Any CPU
		{4D7C9383-E13F-4C76-85DE-C442F780245B}.Release|Any CPU.ActiveCfg = Release|Any CPU
		{4D7C9383-E13F-4C76-85DE-C442F780245B}.Release|Any CPU.Build.0 = Release|Any CPU
		{91D06F93-7C66-4FA7-BF92-4742B8FD4D45}.Debug|Any CPU.ActiveCfg = Debug|Any CPU
		{91D06F93-7C66-4FA7-BF92-4742B8FD4D45}.Debug|Any CPU.Build.0 = Debug|Any CPU
		{91D06F93-7C66-4FA7-BF92-4742B8FD4D45}.Release|Any CPU.ActiveCfg = Release|Any CPU
		{91D06F93-7C66-4FA7-BF92-4742B8FD4D45}.Release|Any CPU.Build.0 = Release|Any CPU
	EndGlobalSection
	GlobalSection(SolutionProperties) = preSolution
		HideSolutionNode = FALSE
	EndGlobalSection
	GlobalSection(ExtensibilityGlobals) = postSolution
		SolutionGuid = {5B2ED33D-9986-4130-B2DA-FB1DE76C7449}
	EndGlobalSection
EndGlobal
