
Microsoft Visual Studio Solution File, Format Version 12.00
# Visual Studio Version 17
VisualStudioVersion = 17.4.33205.214
MinimumVisualStudioVersion = 10.0.40219.1
Project("{FAE04EC0-301F-11D3-BF4B-00C04F79EFBC}") = "8th 1o1 - Minimal Api", "8th 1o1 - Minimal Api\8th 1o1 - Minimal Api.csproj", "{884BA0A6-2212-4A44-AA9C-2A31387C53B8}"
EndProject
Global
	GlobalSection(SolutionConfigurationPlatforms) = preSolution
		Debug|Any CPU = Debug|Any CPU
		Release|Any CPU = Release|Any CPU
	EndGlobalSection
	GlobalSection(ProjectConfigurationPlatforms) = postSolution
		{884BA0A6-2212-4A44-AA9C-2A31387C53B8}.Debug|Any CPU.ActiveCfg = Debug|Any CPU
		{884BA0A6-2212-4A44-AA9C-2A31387C53B8}.Debug|Any CPU.Build.0 = Debug|Any CPU
		{884BA0A6-2212-4A44-AA9C-2A31387C53B8}.Release|Any CPU.ActiveCfg = Release|Any CPU
		{884BA0A6-2212-4A44-AA9C-2A31387C53B8}.Release|Any CPU.Build.0 = Release|Any CPU
	EndGlobalSection
	GlobalSection(SolutionProperties) = preSolution
		HideSolutionNode = FALSE
	EndGlobalSection
	GlobalSection(ExtensibilityGlobals) = postSolution
		SolutionGuid = {FD06E355-24B1-43C5-9428-C709E217B127}
	EndGlobalSection
EndGlobal
