
Microsoft Visual Studio Solution File, Format Version 12.00
# Visual Studio Version 17
VisualStudioVersion = 17.4.33205.214
MinimumVisualStudioVersion = 10.0.40219.1
Project("{9A19103F-16F7-4668-BE54-9A1E7A4F7556}") = "UI-Console", "UI-Console\UI-Console.csproj", "{4D7C9383-E13F-4C76-85DE-C442F780245B}"
EndProject
Project("{9A19103F-16F7-4668-BE54-9A1E7A4F7556}") = "Data", "Data\Data.csproj", "{91D06F93-7C66-4FA7-BF92-4742B8FD4D45}"
EndProject
Project("{9A19103F-16F7-4668-BE54-9A1E7A4F7556}") = "EntityLayer", "EntityLayer\EntityLayer.csproj", "{9CA2BA36-D9D8-48C8-9353-048F1A8DCA07}"
EndProject
Project("{9A19103F-16F7-4668-BE54-9A1E7A4F7556}") = "BusinessLogic", "BusinessLogic\BusinessLogic.csproj", "{1E5DC537-A533-44D1-9616-4089C49B66F8}"
EndProject
Project("{9A19103F-16F7-4668-BE54-9A1E7A4F7556}") = "Models", "Models\Models.csproj", "{F782EB34-60B0-4A54-AB2E-644F49772DA9}"
EndProject
Project("{FAE04EC0-301F-11D3-BF4B-00C04F79EFBC}") = "TrainerServices", "TrainerServices\TrainerServices.csproj", "{022E3520-89DE-4EC5-BDC5-16A053E5C899}"
EndProject
Global
	GlobalSection(SolutionConfigurationPlatforms) = preSolution
		Debug|Any CPU = Debug|Any CPU
		Release|Any CPU = Release|Any CPU
	EndGlobalSection
	GlobalSection(ProjectConfigurationPlatforms) = postSolution
		{4D7C9383-E13F-4C76-85DE-C442F780245B}.Debug|Any CPU.ActiveCfg = Debug|Any CPU
		{4D7C9383-E13F-4C76-85DE-C442F780245B}.Debug|Any CPU.Build.0 = Debug|Any CPU
		{4D7C9383-E13F-4C76-85DE-C442F780245B}.Release|Any CPU.ActiveCfg = Release|Any CPU
		{4D7C9383-E13F-4C76-85DE-C442F780245B}.Release|Any CPU.Build.0 = Release|Any CPU
		{91D06F93-7C66-4FA7-BF92-4742B8FD4D45}.Debug|Any CPU.ActiveCfg = Debug|Any CPU
		{91D06F93-7C66-4FA7-BF92-4742B8FD4D45}.Debug|Any CPU.Build.0 = Debug|Any CPU
		{91D06F93-7C66-4FA7-BF92-4742B8FD4D45}.Release|Any CPU.ActiveCfg = Release|Any CPU
		{91D06F93-7C66-4FA7-BF92-4742B8FD4D45}.Release|Any CPU.Build.0 = Release|Any CPU
		{9CA2BA36-D9D8-48C8-9353-048F1A8DCA07}.Debug|Any CPU.ActiveCfg = Debug|Any CPU
		{9CA2BA36-D9D8-48C8-9353-048F1A8DCA07}.Debug|Any CPU.Build.0 = Debug|Any CPU
		{9CA2BA36-D9D8-48C8-9353-048F1A8DCA07}.Release|Any CPU.ActiveCfg = Release|Any CPU
		{9CA2BA36-D9D8-48C8-9353-048F1A8DCA07}.Release|Any CPU.Build.0 = Release|Any CPU
		{1E5DC537-A533-44D1-9616-4089C49B66F8}.Debug|Any CPU.ActiveCfg = Debug|Any CPU
		{1E5DC537-A533-44D1-9616-4089C49B66F8}.Debug|Any CPU.Build.0 = Debug|Any CPU
		{1E5DC537-A533-44D1-9616-4089C49B66F8}.Release|Any CPU.ActiveCfg = Release|Any CPU
		{1E5DC537-A533-44D1-9616-4089C49B66F8}.Release|Any CPU.Build.0 = Release|Any CPU
		{F782EB34-60B0-4A54-AB2E-644F49772DA9}.Debug|Any CPU.ActiveCfg = Debug|Any CPU
		{F782EB34-60B0-4A54-AB2E-644F49772DA9}.Debug|Any CPU.Build.0 = Debug|Any CPU
		{F782EB34-60B0-4A54-AB2E-644F49772DA9}.Release|Any CPU.ActiveCfg = Release|Any CPU
		{F782EB34-60B0-4A54-AB2E-644F49772DA9}.Release|Any CPU.Build.0 = Release|Any CPU
		{022E3520-89DE-4EC5-BDC5-16A053E5C899}.Debug|Any CPU.ActiveCfg = Debug|Any CPU
		{022E3520-89DE-4EC5-BDC5-16A053E5C899}.Debug|Any CPU.Build.0 = Debug|Any CPU
		{022E3520-89DE-4EC5-BDC5-16A053E5C899}.Release|Any CPU.ActiveCfg = Release|Any CPU
		{022E3520-89DE-4EC5-BDC5-16A053E5C899}.Release|Any CPU.Build.0 = Release|Any CPU
	EndGlobalSection
	GlobalSection(SolutionProperties) = preSolution
		HideSolutionNode = FALSE
	EndGlobalSection
	GlobalSection(ExtensibilityGlobals) = postSolution
		SolutionGuid = {5B2ED33D-9986-4130-B2DA-FB1DE76C7449}
	EndGlobalSection
EndGlobal
